
Microsoft Visual Studio Solution File, Format Version 12.00
# Visual Studio Version 16
VisualStudioVersion = 16.0.31229.75
MinimumVisualStudioVersion = 10.0.40219.1
Project("{F184B08F-C81C-45F6-A57F-5ABD9991F28F}") = "Audit Tracker", "Audit Tracker.vbproj", "{C44758DF-2DEE-4C47-8C3A-698A686BF77D}"
EndProject
Global
	GlobalSection(SolutionConfigurationPlatforms) = preSolution
		Debug|Any CPU = Debug|Any CPU
		Release|Any CPU = Release|Any CPU
	EndGlobalSection
	GlobalSection(ProjectConfigurationPlatforms) = postSolution
		{C44758DF-2DEE-4C47-8C3A-698A686BF77D}.Debug|Any CPU.ActiveCfg = Debug|Any CPU
		{C44758DF-2DEE-4C47-8C3A-698A686BF77D}.Debug|Any CPU.Build.0 = Debug|Any CPU
		{C44758DF-2DEE-4C47-8C3A-698A686BF77D}.Release|Any CPU.ActiveCfg = Release|Any CPU
		{C44758DF-2DEE-4C47-8C3A-698A686BF77D}.Release|Any CPU.Build.0 = Release|Any CPU
	EndGlobalSection
	GlobalSection(SolutionProperties) = preSolution
		HideSolutionNode = FALSE
	EndGlobalSection
	GlobalSection(ExtensibilityGlobals) = postSolution
		SolutionGuid = {27FC696A-FE7D-498D-A785-0B71A5E3CBB4}
	EndGlobalSection
EndGlobal
